
Microsoft Visual Studio Solution File, Format Version 12.00
# Visual Studio Version 16
VisualStudioVersion = 16.0.31129.286
MinimumVisualStudioVersion = 10.0.40219.1
Project("{FAE04EC0-301F-11D3-BF4B-00C04F79EFBC}") = "BigBanTheory_Project4", "BigBanTheory_Project4.csproj", "{153D2D4B-ACE5-4602-B0E8-E04D7687675B}"
EndProject
Global
	GlobalSection(SolutionConfigurationPlatforms) = preSolution
		Debug|Any CPU = Debug|Any CPU
		Release|Any CPU = Release|Any CPU
	EndGlobalSection
	GlobalSection(ProjectConfigurationPlatforms) = postSolution
		{153D2D4B-ACE5-4602-B0E8-E04D7687675B}.Debug|Any CPU.ActiveCfg = Debug|Any CPU
		{153D2D4B-ACE5-4602-B0E8-E04D7687675B}.Debug|Any CPU.Build.0 = Debug|Any CPU
		{153D2D4B-ACE5-4602-B0E8-E04D7687675B}.Release|Any CPU.ActiveCfg = Release|Any CPU
		{153D2D4B-ACE5-4602-B0E8-E04D7687675B}.Release|Any CPU.Build.0 = Release|Any CPU
	EndGlobalSection
	GlobalSection(SolutionProperties) = preSolution
		HideSolutionNode = FALSE
	EndGlobalSection
	GlobalSection(ExtensibilityGlobals) = postSolution
		SolutionGuid = {B9A611BD-EA81-4B4E-B780-BF90D7A1351E}
	EndGlobalSection
EndGlobal
